
Microsoft Visual Studio Solution File, Format Version 12.00
# Visual Studio Version 17
VisualStudioVersion = 17.6.33723.286
MinimumVisualStudioVersion = 10.0.40219.1
Project("{9A19103F-16F7-4668-BE54-9A1E7A4F7556}") = "QazaqDebate-Server", "QazaqDebate-Server\QazaqDebate-Server.csproj", "{A143650E-E849-47CE-906C-AADF6A14057E}"
EndProject
Project("{FAE04EC0-301F-11D3-BF4B-00C04F79EFBC}") = "QazaqDebate.Data", "QazaqDebate.Data\QazaqDebate.Data.csproj", "{86385C09-9501-4DDD-88C1-23B92DDE94B2}"
EndProject
Project("{FAE04EC0-301F-11D3-BF4B-00C04F79EFBC}") = "QazaqDebate.DTO", "QazaqDebate.DTO\QazaqDebate.DTO.csproj", "{7D9C2118-378C-4C54-83E4-51CD752D0303}"
EndProject
Global
	GlobalSection(SolutionConfigurationPlatforms) = preSolution
		Debug|Any CPU = Debug|Any CPU
		Release|Any CPU = Release|Any CPU
	EndGlobalSection
	GlobalSection(ProjectConfigurationPlatforms) = postSolution
		{A143650E-E849-47CE-906C-AADF6A14057E}.Debug|Any CPU.ActiveCfg = Debug|Any CPU
		{A143650E-E849-47CE-906C-AADF6A14057E}.Debug|Any CPU.Build.0 = Debug|Any CPU
		{A143650E-E849-47CE-906C-AADF6A14057E}.Release|Any CPU.ActiveCfg = Release|Any CPU
		{A143650E-E849-47CE-906C-AADF6A14057E}.Release|Any CPU.Build.0 = Release|Any CPU
		{86385C09-9501-4DDD-88C1-23B92DDE94B2}.Debug|Any CPU.ActiveCfg = Debug|Any CPU
		{86385C09-9501-4DDD-88C1-23B92DDE94B2}.Debug|Any CPU.Build.0 = Debug|Any CPU
		{86385C09-9501-4DDD-88C1-23B92DDE94B2}.Release|Any CPU.ActiveCfg = Release|Any CPU
		{86385C09-9501-4DDD-88C1-23B92DDE94B2}.Release|Any CPU.Build.0 = Release|Any CPU
		{7D9C2118-378C-4C54-83E4-51CD752D0303}.Debug|Any CPU.ActiveCfg = Debug|Any CPU
		{7D9C2118-378C-4C54-83E4-51CD752D0303}.Debug|Any CPU.Build.0 = Debug|Any CPU
		{7D9C2118-378C-4C54-83E4-51CD752D0303}.Release|Any CPU.ActiveCfg = Release|Any CPU
		{7D9C2118-378C-4C54-83E4-51CD752D0303}.Release|Any CPU.Build.0 = Release|Any CPU
	EndGlobalSection
	GlobalSection(SolutionProperties) = preSolution
		HideSolutionNode = FALSE
	EndGlobalSection
	GlobalSection(ExtensibilityGlobals) = postSolution
		SolutionGuid = {797B65D9-5F66-4CC3-A988-4A46D0400755}
	EndGlobalSection
EndGlobal
